uuid: 66839320-dee9-49db-b5c1-0a9b42fe8e25
langcode: en
status: true
dependencies:
  module:
    - block_attributes
    - ntv_block_background
    - system
    - wristcheck_basic
  theme:
    - bootstrap_barrio
third_party_settings:
  block_attributes:
    attr_class: ''
    attr_id: ''
    sub_title: ''
  ntv_block_background:
    disable: disable
    color: '#000000'
    bg_image: {  }
    bg_image_type: default
    bg_repeat: 'no'
    bg_image_position: ''
    bg_image_size: ''
    background_overlay: ''
id: bootstrap_barrio_wristcheckdownloadappblock
theme: bootstrap_barrio
region: top_header
weight: -8
provider: null
plugin: wristcheck_download_app_block
settings:
  id: wristcheck_download_app_block
  label: 'Wristcheck download app block'
  provider: wristcheck_basic
  label_display: '0'
visibility:
  request_path:
    id: request_path
    pages: /buy
    negate: false
    context_mapping: {  }
