uuid: 026311c3-a910-4299-9128-1e13fd18ea73
langcode: en
status: true
dependencies:
  module:
    - block_attributes
    - ntv_block_background
    - system
    - wristcheck_basic
  theme:
    - wristcheck_barrio
third_party_settings:
  block_attributes:
    attr_class: ''
    attr_id: ''
    sub_title: ''
  ntv_block_background:
    disable: disable
    color: '#000000'
    bg_image: {  }
    bg_image_type: default
    bg_repeat: 'no'
    bg_image_position: ''
    bg_image_size: ''
    background_overlay: ''
id: wristchecksignupfornewsblock
theme: wristcheck_barrio
region: bottom_footer
weight: -12
provider: null
plugin: wristcheck_sign_up_for_news_block
settings:
  id: wristcheck_sign_up_for_news_block
  label: 'Wristcheck sign up for news block'
  provider: wristcheck_basic
  label_display: '0'
visibility:
  request_path:
    id: request_path
    pages: '*'
    negate: false
    context_mapping: {  }
