uuid: e0b6e301-c909-47e6-a173-347a7c962bbe
langcode: en
status: true
dependencies:
  content:
    - 'block_content:basic:928457ac-f18c-4780-8ed1-befa561ed18a'
  module:
    - block_attributes
    - block_content
    - ntv_block_background
    - system
  theme:
    - wristcheck_barrio
third_party_settings:
  block_attributes:
    attr_class: ''
    attr_id: ''
    sub_title: ''
  ntv_block_background:
    disable: disable
    color: '#000000'
    bg_image: {  }
    bg_image_type: default
    bg_repeat: 'no'
    bg_image_position: ''
    bg_image_size: ''
    background_overlay: ''
id: wristchecksellbuttombannerblock
theme: wristcheck_barrio
region: bottom_footer
weight: -14
provider: null
plugin: 'block_content:928457ac-f18c-4780-8ed1-befa561ed18a'
settings:
  id: 'block_content:928457ac-f18c-4780-8ed1-befa561ed18a'
  label: 'Wristcheck sell buttom banner block '
  provider: block_content
  label_display: '0'
  status: true
  info: ''
  view_mode: full
visibility:
  request_path:
    id: request_path
    pages: /sell
    negate: false
    context_mapping: {  }
