uuid: 83c67475-80d5-4e47-b56c-80e1ef154685
langcode: en
status: true
dependencies:
  module:
    - block_attributes
    - ntv_block_background
    - system
    - wristcheck_basic
  theme:
    - wristcheck
third_party_settings:
  block_attributes:
    attr_class: ''
    attr_id: ''
    sub_title: ''
  ntv_block_background:
    disable: disable
    color: '#000000'
    bg_image: {  }
    bg_image_type: default
    bg_repeat: 'no'
    bg_image_position: ''
    bg_image_size: ''
    background_overlay: ''
id: wristcheckbannerblock
theme: wristcheck
region: highlighted
weight: 0
provider: null
plugin: wristcheck_banner_block
settings:
  id: wristcheck_banner_block
  label: 'Wristcheck banner block'
  provider: wristcheck_basic
  label_display: '0'
visibility:
  request_path:
    id: request_path
    pages: /buy
    negate: false
    context_mapping: {  }
