uuid: e08b806e-1667-4c01-a443-12ee14687eb3
langcode: en
status: true
dependencies:
  module:
    - block_attributes
    - ntv_block_background
    - system
    - wristcheck_basic
  theme:
    - wristcheck
third_party_settings:
  block_attributes:
    attr_class: ''
    attr_id: ''
    sub_title: ''
  ntv_block_background:
    disable: disable
    color: '#000000'
    bg_image: {  }
    bg_image_type: default
    bg_repeat: 'no'
    bg_image_position: ''
    bg_image_size: ''
    background_overlay: ''
id: wristcheckdownloadappblock
theme: wristcheck
region: footer
weight: -8
provider: null
plugin: wristcheck_download_app_block
settings:
  id: wristcheck_download_app_block
  label: 'Wristcheck download app block'
  provider: wristcheck_basic
  label_display: '0'
visibility:
  request_path:
    id: request_path
    pages: /buy
    negate: false
    context_mapping: {  }
